{
  "name": "@digituz/react-modal",
  "version": "1.2.4",
  "lockfileVersion": 1,
  "requires": true,
  "dependencies": {
    "@digituz/react-if": {
      "version": "1.2.2",
      "resolved": "https://registry.npmjs.org/@digituz/react-if/-/react-if-1.2.2.tgz",
      "integrity": "sha512-BLqYVqVHgYqAesTKz+IkAGRI2fTSDAA4Be1b3doUov3Wi/W1ENkq9bBsB2/m1Vi/75Gs/MgaCbqz87cloN4CBQ=="
    }
  }
}
