{
  "name": "@digituz/react-panel",
  "version": "1.0.5",
  "lockfileVersion": 1,
  "requires": true,
  "dependencies": {
    "@digituz/react-header": {
      "version": "1.0.3",
      "resolved": "https://registry.npmjs.org/@digituz/react-header/-/react-header-1.0.3.tgz",
      "integrity": "sha512-OzWGxjypgQueSbXcRkBbz28auslu7927n6glEGPrfrTd/SWEx1sJDcMa5sqPOv6YE/f6nb6Q3+JNaTMZinj+9Q=="
    }
  }
}
