{
  "name": "@digituz/react-panel",
  "version": "1.0.10",
  "lockfileVersion": 1,
  "requires": true,
  "dependencies": {
    "@digituz/react-header": {
      "version": "1.0.7",
      "resolved": "https://registry.npmjs.org/@digituz/react-header/-/react-header-1.0.7.tgz",
      "integrity": "sha512-paUhvW4jtkaASk06KJ4qTOdV8199zcSZ5UbqkV8XajZtYCjrcLvb3w1zecadPiE+bDgq3Tvh7GQ2evG2+Sr0HA=="
    }
  }
}
