{
  "name": "@digituz/react-vertical-menu",
  "version": "1.2.4",
  "lockfileVersion": 1,
  "requires": true,
  "dependencies": {
    "@digituz/react-if": {
      "version": "1.2.0",
      "resolved": "https://registry.npmjs.org/@digituz/react-if/-/react-if-1.2.0.tgz",
      "integrity": "sha512-UHjhL4pV9ZjWwaK5RFqIQgGZKXrLQSOnzUTT/ZtoKamItWO7rLxT7Q9rkuo0BwxIN/AcWT2ayOIgSCQzkyr3QA=="
    }
  }
}
