{
  "name": "@digituz/react-components",
  "version": "1.2.4",
  "lockfileVersion": 1,
  "requires": true,
  "dependencies": {
    "@digituz/react-button": {
      "version": "1.2.4",
      "resolved": "https://registry.npmjs.org/@digituz/react-button/-/react-button-1.2.4.tgz",
      "integrity": "sha512-+ed/jCqfi6yZniEKPtO1VRQdVC4eqtp+0Q7+I2Ggq8/43imsypcrrBBC2SlyLoNiNPwxHmgVZbIloJ5p6IpesA=="
    },
    "@digituz/react-card": {
      "version": "1.2.4",
      "resolved": "https://registry.npmjs.org/@digituz/react-card/-/react-card-1.2.4.tgz",
      "integrity": "sha512-nnHXlcDeH0RdOXhNZEWk+4nDgSfzg5z3F/71Hjn0cwYBSjDuIcXMzvmDdkxQVfO1lS7r1TCiV9sJL7Jw4Wpg0A=="
    },
    "@digituz/react-grid": {
      "version": "1.2.4",
      "resolved": "https://registry.npmjs.org/@digituz/react-grid/-/react-grid-1.2.4.tgz",
      "integrity": "sha512-QPCw2vGY2F7apWCbvc2zrp399eU1P2yAGs+3kNBE5V2Ui3BmCHRmyN20/+ZKRT/yUUV6Vc9rwgGfKregzxaGoA=="
    },
    "@digituz/react-header": {
      "version": "1.0.8",
      "resolved": "https://registry.npmjs.org/@digituz/react-header/-/react-header-1.0.8.tgz",
      "integrity": "sha512-3tsHZGOnyJ3Fy+Mo8RVPjGtGb9IyGHPMOLAAwhS2ImrY95kbtm028FMHx0YNc/fIMYDzTbOfLOoKCNT6OWUfZg=="
    },
    "@digituz/react-if": {
      "version": "1.2.4",
      "resolved": "https://registry.npmjs.org/@digituz/react-if/-/react-if-1.2.4.tgz",
      "integrity": "sha512-oH0Dff45a2Dfu5rYa2rasJYRG88mVAe8+eXzIWNiCGX8CWUMKZ72vEUw/lVCzFWF3we0eA0EEFXDTu8RGfTuiQ=="
    },
    "@digituz/react-input": {
      "version": "0.0.23",
      "resolved": "https://registry.npmjs.org/@digituz/react-input/-/react-input-0.0.23.tgz",
      "integrity": "sha512-GT6AluBYRl9wKis/D7a56ex6pDCa/TCupWhN95fSrrz2Cy8fnn6qhSOTGruoemX0WfgkYAqG+l22GE+LtooGNQ=="
    },
    "@digituz/react-input-label": {
      "version": "1.2.4",
      "resolved": "https://registry.npmjs.org/@digituz/react-input-label/-/react-input-label-1.2.4.tgz",
      "integrity": "sha512-amOwzsq+ahoDNeHVwOzDIVOX3QPJsHUX1pIxqmETUOt3RGdWDEEpLUo0yUpLzrOrKPrSOJv11iBAITE+RGj5+A==",
      "requires": {
        "@digituz/react-input": "0.0.23"
      }
    },
    "@digituz/react-modal": {
      "version": "1.2.4",
      "resolved": "https://registry.npmjs.org/@digituz/react-modal/-/react-modal-1.2.4.tgz",
      "integrity": "sha512-4639ml1GunhJnGfuflVidASLrHWPJGCc3oXmcODSGa2tdk4dBOjk4DnHdcTxCzQ7w+ZvCYRhVHVGXFXfoFmriQ==",
      "requires": {
        "@digituz/react-if": "1.2.4"
      }
    },
    "@digituz/react-panel": {
      "version": "1.2.4",
      "resolved": "https://registry.npmjs.org/@digituz/react-panel/-/react-panel-1.2.4.tgz",
      "integrity": "sha512-tSAetYCOyCpUcitepsIxeRJBu3kRaAgK81ypUjmIh56BMvSjGT5RfgvCwaKfc8xkCRKCOgez7jxs9F4y+71blg==",
      "requires": {
        "@digituz/react-header": "1.0.8"
      }
    },
    "@digituz/react-panel-body": {
      "version": "1.2.4",
      "resolved": "https://registry.npmjs.org/@digituz/react-panel-body/-/react-panel-body-1.2.4.tgz",
      "integrity": "sha512-NnRSzQu0qcNUquz8OFDG7jR2CAn8GCYEYe2VrEW6UCvBeIMtOJ2iuHykiYiPi1IccmKU+sljEQNJBIRNACLrqg==",
      "requires": {
        "@digituz/react-grid": "1.2.4"
      }
    },
    "@digituz/react-panel-header": {
      "version": "1.2.4",
      "resolved": "https://registry.npmjs.org/@digituz/react-panel-header/-/react-panel-header-1.2.4.tgz",
      "integrity": "sha512-DoDwF3p4m9FniOhI9h55jqattly9vMTTIKImQ1QA/Z36nxP1xZNIoyi+BhXMFnCw+sOjcxUU7C77Dv/PS5MF7w=="
    },
    "@digituz/react-vertical-menu": {
      "version": "1.2.4",
      "resolved": "https://registry.npmjs.org/@digituz/react-vertical-menu/-/react-vertical-menu-1.2.4.tgz",
      "integrity": "sha512-1UUHyZe1R+sO/spwtYy8N3Gp9/LM4B9nPk6haLwv5kOrnpUE4gpTWZ8kKjxnmqniXgDxiYgLmv3/4dGr2K1M8A==",
      "requires": {
        "@digituz/react-if": "1.2.4"
      }
    }
  }
}
