{
  "name": "@digituz/react-components",
  "version": "1.2.3",
  "lockfileVersion": 1,
  "requires": true,
  "dependencies": {
    "@digituz/react-button": {
      "version": "1.2.3",
      "resolved": "https://registry.npmjs.org/@digituz/react-button/-/react-button-1.2.3.tgz",
      "integrity": "sha512-HWEQbC5+BInH74A/eMZqkxVtstBiTeEirHHxceptmBwjFxtmONCh48vch9LwvvZtCZ8f4QtomDaCO/h/LdidtQ=="
    },
    "@digituz/react-card": {
      "version": "1.2.3",
      "resolved": "https://registry.npmjs.org/@digituz/react-card/-/react-card-1.2.3.tgz",
      "integrity": "sha512-6U0DQoAAxmvRyvbirOdx7Mno8hYj4IAseELMuCQvXrjBtMqZdjvpLCP23O0OmXJ9QDX78kEQUmUeLsAswmdFng=="
    },
    "@digituz/react-grid": {
      "version": "1.2.3",
      "resolved": "https://registry.npmjs.org/@digituz/react-grid/-/react-grid-1.2.3.tgz",
      "integrity": "sha512-dqmnXz2UhZhjmWmb4FSMX3iwZlkWxCOvz7N2AIMz3ovUjJqTqNvq4pSimynA7g+4TTCgq4mPZ76nyXV0YPIerA=="
    },
    "@digituz/react-header": {
      "version": "1.0.8",
      "resolved": "https://registry.npmjs.org/@digituz/react-header/-/react-header-1.0.8.tgz",
      "integrity": "sha512-3tsHZGOnyJ3Fy+Mo8RVPjGtGb9IyGHPMOLAAwhS2ImrY95kbtm028FMHx0YNc/fIMYDzTbOfLOoKCNT6OWUfZg=="
    },
    "@digituz/react-if": {
      "version": "1.2.3",
      "resolved": "https://registry.npmjs.org/@digituz/react-if/-/react-if-1.2.3.tgz",
      "integrity": "sha512-/elklnyYBgW20fQF/lZL5Mwp78eU6QYvRog1AGcCkq0bxwRLPc5TQfKYZ6DN0p7kAM4PRczCBFi76C6lWuUc8w=="
    },
    "@digituz/react-input": {
      "version": "0.0.23",
      "resolved": "https://registry.npmjs.org/@digituz/react-input/-/react-input-0.0.23.tgz",
      "integrity": "sha512-GT6AluBYRl9wKis/D7a56ex6pDCa/TCupWhN95fSrrz2Cy8fnn6qhSOTGruoemX0WfgkYAqG+l22GE+LtooGNQ=="
    },
    "@digituz/react-input-label": {
      "version": "1.2.3",
      "resolved": "https://registry.npmjs.org/@digituz/react-input-label/-/react-input-label-1.2.3.tgz",
      "integrity": "sha512-TFVypdHdCcK2ZLqVyvKbaF5ZvYl8uaSqz2MjLyAfaJcYeuwvMcNNMA7A1Sd5wMChFvTYOp6HvBY5yHUfEVWHEQ==",
      "requires": {
        "@digituz/react-input": "0.0.23"
      }
    },
    "@digituz/react-modal": {
      "version": "1.2.3",
      "resolved": "https://registry.npmjs.org/@digituz/react-modal/-/react-modal-1.2.3.tgz",
      "integrity": "sha512-F17XUNiV77JPDudGRXrCUp3TDc0zveY2+6PQGwvIVSAicFwUK1cdXBaED7pJeF0+Jy90hW4C9ylwsYnKgnObfA==",
      "requires": {
        "@digituz/react-if": "1.2.3"
      }
    },
    "@digituz/react-panel": {
      "version": "1.2.3",
      "resolved": "https://registry.npmjs.org/@digituz/react-panel/-/react-panel-1.2.3.tgz",
      "integrity": "sha512-71+kUwMlLtMRH38kxsd25KEvmS5wjlKGeiTdr4xcnDSRUVTCIFb4zHJzmcgiPRa1lLNAgcSl8z6ecgROAsaY8Q==",
      "requires": {
        "@digituz/react-header": "1.0.8"
      }
    },
    "@digituz/react-panel-body": {
      "version": "1.2.3",
      "resolved": "https://registry.npmjs.org/@digituz/react-panel-body/-/react-panel-body-1.2.3.tgz",
      "integrity": "sha512-uTM7rQgTpf7Zdvprq5o6wqTZNpChUmcelSWjrs577pHN4AN3OcIxuu6alx3xFrKyHb9PqQelbR/J3WcoDq7twA==",
      "requires": {
        "@digituz/react-grid": "1.2.3"
      }
    },
    "@digituz/react-panel-header": {
      "version": "1.2.3",
      "resolved": "https://registry.npmjs.org/@digituz/react-panel-header/-/react-panel-header-1.2.3.tgz",
      "integrity": "sha512-B/tDVmfyrri+yXMXHz+ZKhAaBuHnTCg8kR/yyTQINhF38loFgRjUnNbg2/LgGdsgPy+rXuQySuCFBhGmHoCqDg=="
    },
    "@digituz/react-vertical-menu": {
      "version": "1.2.3",
      "resolved": "https://registry.npmjs.org/@digituz/react-vertical-menu/-/react-vertical-menu-1.2.3.tgz",
      "integrity": "sha512-tJk6AN14TB1OU9BWJQGgGc+D1wxOd6Qg9DSVbP6YPj7LzjGER+2F23pO8BkFfcTdOAdCEzaHSojadl63YCfERA==",
      "requires": {
        "@digituz/react-if": "1.2.3"
      }
    }
  }
}
