{
  "name": "@digituz/react-components",
  "version": "1.2.5",
  "lockfileVersion": 1,
  "requires": true,
  "dependencies": {
    "@digituz/react-button": {
      "version": "1.2.5",
      "resolved": "https://registry.npmjs.org/@digituz/react-button/-/react-button-1.2.5.tgz",
      "integrity": "sha512-2iesQXZKwtUCTHtJ+Hjo4koadvaihS41znZM4Zg/TLjSdmXOZk+7hJys+DvAXCcGIs4HFUnJyKoQyEAGe4SGfA=="
    },
    "@digituz/react-card": {
      "version": "1.2.5",
      "resolved": "https://registry.npmjs.org/@digituz/react-card/-/react-card-1.2.5.tgz",
      "integrity": "sha512-sJIpG73EsjysOpK3IoTbwHryyamxMiyZtjFP6Y1PGt7sEl6HWSWOIttRxffrFjlbowBxQ3qkwfhcsJ3Pe/9ttw=="
    },
    "@digituz/react-grid": {
      "version": "1.2.5",
      "resolved": "https://registry.npmjs.org/@digituz/react-grid/-/react-grid-1.2.5.tgz",
      "integrity": "sha512-iVtlocKuAxYm5v4yYSvMlA2el0uXsnIYCbqiQVGjrkmLa5h0mdBR/f26aDD76KpygTaLZMvsRbb4O9KYyN48YA=="
    },
    "@digituz/react-if": {
      "version": "1.2.5",
      "resolved": "https://registry.npmjs.org/@digituz/react-if/-/react-if-1.2.5.tgz",
      "integrity": "sha512-hcGca7nLU9t/2V6ZBqMIVz8g9tNhLi2NLn8nWNxYZi6ZHvFJYRQH/e7Y+NnCYJsvTl9YekOe8e/gvNUUOdzTIw=="
    },
    "@digituz/react-input": {
      "version": "0.0.23",
      "resolved": "https://registry.npmjs.org/@digituz/react-input/-/react-input-0.0.23.tgz",
      "integrity": "sha512-GT6AluBYRl9wKis/D7a56ex6pDCa/TCupWhN95fSrrz2Cy8fnn6qhSOTGruoemX0WfgkYAqG+l22GE+LtooGNQ=="
    },
    "@digituz/react-input-label": {
      "version": "1.2.5",
      "resolved": "https://registry.npmjs.org/@digituz/react-input-label/-/react-input-label-1.2.5.tgz",
      "integrity": "sha512-BVYfEP0yWHE/491xqkdMMZGDePagd+rJhpmjOf/zhCButt66wcfw5NCeqKDu7Q4vTB/7POg2qADZS/3QkEf2Gw==",
      "requires": {
        "@digituz/react-input": "0.0.23"
      }
    },
    "@digituz/react-modal": {
      "version": "1.2.5",
      "resolved": "https://registry.npmjs.org/@digituz/react-modal/-/react-modal-1.2.5.tgz",
      "integrity": "sha512-cL8XQBRxX4jkysF7IulIaFv5Tu2NDU55Wllfig9aCsWgbD+U74QS58z5YZ33Iii4136GmIfq7/1WarevAHymBA==",
      "requires": {
        "@digituz/react-if": "1.2.5"
      }
    },
    "@digituz/react-panel": {
      "version": "1.2.5",
      "resolved": "https://registry.npmjs.org/@digituz/react-panel/-/react-panel-1.2.5.tgz",
      "integrity": "sha512-ou6nUDqDcKJykALdA95li9KZ4dV/cJ1tnguHXfbkU8MlwT5itYgGnbwvirkMcJ5iSIRYG9e+5PgambB1qL/FBQ=="
    },
    "@digituz/react-panel-body": {
      "version": "1.2.5",
      "resolved": "https://registry.npmjs.org/@digituz/react-panel-body/-/react-panel-body-1.2.5.tgz",
      "integrity": "sha512-92ARMPA44/cBjKvGBhoNYnUJq4EcTAljI0Yk9csbmsWcoXKmN7Yh3f3YxWnoIUls2ol6u1BZvzoI1pCmL2xBMA==",
      "requires": {
        "@digituz/react-grid": "1.2.5"
      }
    },
    "@digituz/react-panel-header": {
      "version": "1.2.5",
      "resolved": "https://registry.npmjs.org/@digituz/react-panel-header/-/react-panel-header-1.2.5.tgz",
      "integrity": "sha512-fnTuVhyiuqxhOPHrUWvWgEIvf0Xf2pj1ktcgX4NkP7Qqrkd26ioM+9f8Zc4Xhl675xvSxy+8+RrZ02c84q2bPg=="
    },
    "@digituz/react-vertical-menu": {
      "version": "1.2.5",
      "resolved": "https://registry.npmjs.org/@digituz/react-vertical-menu/-/react-vertical-menu-1.2.5.tgz",
      "integrity": "sha512-9IMQbrWPsGBCxn+HPolCkFnFayI3bo9k2vFxMV0bt08tZDwS6x3adrOBBpI8YXcTjLJklMqRpvVXqhky/TNxaQ==",
      "requires": {
        "@digituz/react-if": "1.2.5"
      }
    }
  }
}
