{
  "name": "@digituz/react-input-label",
  "version": "1.0.6",
  "lockfileVersion": 1,
  "requires": true,
  "dependencies": {
    "@digituz/react-input": {
      "version": "0.0.23",
      "resolved": "https://registry.npmjs.org/@digituz/react-input/-/react-input-0.0.23.tgz",
      "integrity": "sha512-GT6AluBYRl9wKis/D7a56ex6pDCa/TCupWhN95fSrrz2Cy8fnn6qhSOTGruoemX0WfgkYAqG+l22GE+LtooGNQ=="
    }
  }
}
